
Microsoft Visual Studio Solution File, Format Version 12.00
# Visual Studio Version 16
VisualStudioVersion = 16.0.31515.178
MinimumVisualStudioVersion = 10.0.40219.1
Project("{888888A0-9F3D-457C-B088-3A5042F75D52}") = "CIS 261 Course Project", "CIS 261 Course Project.pyproj", "{26D57015-8818-47DA-BA4E-E9B81B52BF44}"
EndProject
Global
	GlobalSection(SolutionConfigurationPlatforms) = preSolution
		Debug|Any CPU = Debug|Any CPU
		Release|Any CPU = Release|Any CPU
	EndGlobalSection
	GlobalSection(ProjectConfigurationPlatforms) = postSolution
		{26D57015-8818-47DA-BA4E-E9B81B52BF44}.Debug|Any CPU.ActiveCfg = Debug|Any CPU
		{26D57015-8818-47DA-BA4E-E9B81B52BF44}.Release|Any CPU.ActiveCfg = Release|Any CPU
	EndGlobalSection
	GlobalSection(SolutionProperties) = preSolution
		HideSolutionNode = FALSE
	EndGlobalSection
	GlobalSection(ExtensibilityGlobals) = postSolution
		SolutionGuid = {DDD71DA6-FE91-4EB7-AFB0-BB70C47ECFE4}
	EndGlobalSection
EndGlobal
